
Microsoft Visual Studio Solution File, Format Version 12.00
# Visual Studio 14
VisualStudioVersion = 14.0.25123.0
MinimumVisualStudioVersion = 10.0.40219.1
Project("{FAE04EC0-301F-11D3-BF4B-00C04F79EFBC}") = "TuxedoCat", "TuxedoCat\TuxedoCat.csproj", "{D5098FC6-3348-467B-9407-F3FAE4138EE1}"
EndProject
Project("{FAE04EC0-301F-11D3-BF4B-00C04F79EFBC}") = "TuxedoCatTest", "TuxedoCatTest\TuxedoCatTest.csproj", "{E95BA4DF-A4E6-4C0B-8DAE-D77E35869A21}"
EndProject
Global
	GlobalSection(SolutionConfigurationPlatforms) = preSolution
		Debug|Any CPU = Debug|Any CPU
		Release|Any CPU = Release|Any CPU
	EndGlobalSection
	GlobalSection(ProjectConfigurationPlatforms) = postSolution
		{D5098FC6-3348-467B-9407-F3FAE4138EE1}.Debug|Any CPU.ActiveCfg = Debug|Any CPU
		{D5098FC6-3348-467B-9407-F3FAE4138EE1}.Debug|Any CPU.Build.0 = Debug|Any CPU
		{D5098FC6-3348-467B-9407-F3FAE4138EE1}.Release|Any CPU.ActiveCfg = Release|Any CPU
		{D5098FC6-3348-467B-9407-F3FAE4138EE1}.Release|Any CPU.Build.0 = Release|Any CPU
		{E95BA4DF-A4E6-4C0B-8DAE-D77E35869A21}.Debug|Any CPU.ActiveCfg = Debug|Any CPU
		{E95BA4DF-A4E6-4C0B-8DAE-D77E35869A21}.Debug|Any CPU.Build.0 = Debug|Any CPU
		{E95BA4DF-A4E6-4C0B-8DAE-D77E35869A21}.Release|Any CPU.ActiveCfg = Release|Any CPU
		{E95BA4DF-A4E6-4C0B-8DAE-D77E35869A21}.Release|Any CPU.Build.0 = Release|Any CPU
	EndGlobalSection
	GlobalSection(SolutionProperties) = preSolution
		HideSolutionNode = FALSE
	EndGlobalSection
EndGlobal
